
Microsoft Visual Studio Solution File, Format Version 12.00
# Visual Studio Version 16
VisualStudioVersion = 16.0.31911.196
MinimumVisualStudioVersion = 10.0.40219.1
Project("{FAE04EC0-301F-11D3-BF4B-00C04F79EFBC}") = "PopupsTutorial.Android", "PopupsTutorial\PopupsTutorial.Android\PopupsTutorial.Android.csproj", "{669F20FB-90C5-4925-B9BE-F6962F9EB647}"
EndProject
Project("{FAE04EC0-301F-11D3-BF4B-00C04F79EFBC}") = "PopupsTutorial.iOS", "PopupsTutorial\PopupsTutorial.iOS\PopupsTutorial.iOS.csproj", "{AD107EEC-F2FA-4C3B-B0E6-B762F1DE300D}"
EndProject
Project("{FAE04EC0-301F-11D3-BF4B-00C04F79EFBC}") = "PopupsTutorial", "PopupsTutorial\PopupsTutorial\PopupsTutorial.csproj", "{332E5F19-D6ED-48C6-BC0F-54CDBD939C41}"
EndProject
Global
	GlobalSection(SolutionConfigurationPlatforms) = preSolution
		Debug|Any CPU = Debug|Any CPU
		Debug|iPhone = Debug|iPhone
		Debug|iPhoneSimulator = Debug|iPhoneSimulator
		Release|Any CPU = Release|Any CPU
		Release|iPhone = Release|iPhone
		Release|iPhoneSimulator = Release|iPhoneSimulator
	EndGlobalSection
	GlobalSection(ProjectConfigurationPlatforms) = postSolution
		{669F20FB-90C5-4925-B9BE-F6962F9EB647}.Debug|Any CPU.ActiveCfg = Debug|Any CPU
		{669F20FB-90C5-4925-B9BE-F6962F9EB647}.Debug|Any CPU.Build.0 = Debug|Any CPU
		{669F20FB-90C5-4925-B9BE-F6962F9EB647}.Debug|Any CPU.Deploy.0 = Debug|Any CPU
		{669F20FB-90C5-4925-B9BE-F6962F9EB647}.Debug|iPhone.ActiveCfg = Debug|Any CPU
		{669F20FB-90C5-4925-B9BE-F6962F9EB647}.Debug|iPhone.Build.0 = Debug|Any CPU
		{669F20FB-90C5-4925-B9BE-F6962F9EB647}.Debug|iPhone.Deploy.0 = Debug|Any CPU
		{669F20FB-90C5-4925-B9BE-F6962F9EB647}.Debug|iPhoneSimulator.ActiveCfg = Debug|Any CPU
		{669F20FB-90C5-4925-B9BE-F6962F9EB647}.Debug|iPhoneSimulator.Build.0 = Debug|Any CPU
		{669F20FB-90C5-4925-B9BE-F6962F9EB647}.Debug|iPhoneSimulator.Deploy.0 = Debug|Any CPU
		{669F20FB-90C5-4925-B9BE-F6962F9EB647}.Release|Any CPU.ActiveCfg = Release|Any CPU
		{669F20FB-90C5-4925-B9BE-F6962F9EB647}.Release|Any CPU.Build.0 = Release|Any CPU
		{669F20FB-90C5-4925-B9BE-F6962F9EB647}.Release|Any CPU.Deploy.0 = Release|Any CPU
		{669F20FB-90C5-4925-B9BE-F6962F9EB647}.Release|iPhone.ActiveCfg = Release|Any CPU
		{669F20FB-90C5-4925-B9BE-F6962F9EB647}.Release|iPhone.Build.0 = Release|Any CPU
		{669F20FB-90C5-4925-B9BE-F6962F9EB647}.Release|iPhone.Deploy.0 = Release|Any CPU
		{669F20FB-90C5-4925-B9BE-F6962F9EB647}.Release|iPhoneSimulator.ActiveCfg = Release|Any CPU
		{669F20FB-90C5-4925-B9BE-F6962F9EB647}.Release|iPhoneSimulator.Build.0 = Release|Any CPU
		{669F20FB-90C5-4925-B9BE-F6962F9EB647}.Release|iPhoneSimulator.Deploy.0 = Release|Any CPU
		{AD107EEC-F2FA-4C3B-B0E6-B762F1DE300D}.Debug|Any CPU.ActiveCfg = Debug|iPhone
		{AD107EEC-F2FA-4C3B-B0E6-B762F1DE300D}.Debug|Any CPU.Build.0 = Debug|iPhone
		{AD107EEC-F2FA-4C3B-B0E6-B762F1DE300D}.Debug|Any CPU.Deploy.0 = Debug|iPhone
		{AD107EEC-F2FA-4C3B-B0E6-B762F1DE300D}.Debug|iPhone.ActiveCfg = Debug|iPhone
		{AD107EEC-F2FA-4C3B-B0E6-B762F1DE300D}.Debug|iPhone.Build.0 = Debug|iPhone
		{AD107EEC-F2FA-4C3B-B0E6-B762F1DE300D}.Debug|iPhone.Deploy.0 = Debug|iPhone
		{AD107EEC-F2FA-4C3B-B0E6-B762F1DE300D}.Debug|iPhoneSimulator.ActiveCfg = Debug|iPhoneSimulator
		{AD107EEC-F2FA-4C3B-B0E6-B762F1DE300D}.Debug|iPhoneSimulator.Build.0 = Debug|iPhoneSimulator
		{AD107EEC-F2FA-4C3B-B0E6-B762F1DE300D}.Debug|iPhoneSimulator.Deploy.0 = Debug|iPhoneSimulator
		{AD107EEC-F2FA-4C3B-B0E6-B762F1DE300D}.Release|Any CPU.ActiveCfg = Release|iPhoneSimulator
		{AD107EEC-F2FA-4C3B-B0E6-B762F1DE300D}.Release|Any CPU.Build.0 = Release|iPhoneSimulator
		{AD107EEC-F2FA-4C3B-B0E6-B762F1DE300D}.Release|Any CPU.Deploy.0 = Release|iPhoneSimulator
		{AD107EEC-F2FA-4C3B-B0E6-B762F1DE300D}.Release|iPhone.ActiveCfg = Release|iPhone
		{AD107EEC-F2FA-4C3B-B0E6-B762F1DE300D}.Release|iPhone.Build.0 = Release|iPhone
		{AD107EEC-F2FA-4C3B-B0E6-B762F1DE300D}.Release|iPhone.Deploy.0 = Release|iPhone
		{AD107EEC-F2FA-4C3B-B0E6-B762F1DE300D}.Release|iPhoneSimulator.ActiveCfg = Release|iPhoneSimulator
		{AD107EEC-F2FA-4C3B-B0E6-B762F1DE300D}.Release|iPhoneSimulator.Build.0 = Release|iPhoneSimulator
		{AD107EEC-F2FA-4C3B-B0E6-B762F1DE300D}.Release|iPhoneSimulator.Deploy.0 = Release|iPhoneSimulator
		{332E5F19-D6ED-48C6-BC0F-54CDBD939C41}.Debug|Any CPU.ActiveCfg = Debug|Any CPU
		{332E5F19-D6ED-48C6-BC0F-54CDBD939C41}.Debug|Any CPU.Build.0 = Debug|Any CPU
		{332E5F19-D6ED-48C6-BC0F-54CDBD939C41}.Debug|Any CPU.Deploy.0 = Debug|Any CPU
		{332E5F19-D6ED-48C6-BC0F-54CDBD939C41}.Debug|iPhone.ActiveCfg = Debug|Any CPU
		{332E5F19-D6ED-48C6-BC0F-54CDBD939C41}.Debug|iPhone.Build.0 = Debug|Any CPU
		{332E5F19-D6ED-48C6-BC0F-54CDBD939C41}.Debug|iPhone.Deploy.0 = Debug|Any CPU
		{332E5F19-D6ED-48C6-BC0F-54CDBD939C41}.Debug|iPhoneSimulator.ActiveCfg = Debug|Any CPU
		{332E5F19-D6ED-48C6-BC0F-54CDBD939C41}.Debug|iPhoneSimulator.Build.0 = Debug|Any CPU
		{332E5F19-D6ED-48C6-BC0F-54CDBD939C41}.Debug|iPhoneSimulator.Deploy.0 = Debug|Any CPU
		{332E5F19-D6ED-48C6-BC0F-54CDBD939C41}.Release|Any CPU.ActiveCfg = Release|Any CPU
		{332E5F19-D6ED-48C6-BC0F-54CDBD939C41}.Release|Any CPU.Build.0 = Release|Any CPU
		{332E5F19-D6ED-48C6-BC0F-54CDBD939C41}.Release|Any CPU.Deploy.0 = Release|Any CPU
		{332E5F19-D6ED-48C6-BC0F-54CDBD939C41}.Release|iPhone.ActiveCfg = Release|Any CPU
		{332E5F19-D6ED-48C6-BC0F-54CDBD939C41}.Release|iPhone.Build.0 = Release|Any CPU
		{332E5F19-D6ED-48C6-BC0F-54CDBD939C41}.Release|iPhone.Deploy.0 = Release|Any CPU
		{332E5F19-D6ED-48C6-BC0F-54CDBD939C41}.Release|iPhoneSimulator.ActiveCfg = Release|Any CPU
		{332E5F19-D6ED-48C6-BC0F-54CDBD939C41}.Release|iPhoneSimulator.Build.0 = Release|Any CPU
		{332E5F19-D6ED-48C6-BC0F-54CDBD939C41}.Release|iPhoneSimulator.Deploy.0 = Release|Any CPU
	EndGlobalSection
	GlobalSection(SolutionProperties) = preSolution
		HideSolutionNode = FALSE
	EndGlobalSection
	GlobalSection(ExtensibilityGlobals) = postSolution
		SolutionGuid = {8101857C-3D7F-4A39-9B1E-20BA79C180BA}
	EndGlobalSection
EndGlobal
